
Microsoft Visual Studio Solution File, Format Version 12.00
# Visual Studio Version 16
VisualStudioVersion = 16.0.31624.102
MinimumVisualStudioVersion = 10.0.40219.1
Project("{FAE04EC0-301F-11D3-BF4B-00C04F79EFBC}") = "IT_pro_2", "IT_pro_2\IT_pro_2.csproj", "{822D5C95-DE7B-4ABE-A4EF-DFD8F7D36659}"
EndProject
Global
	GlobalSection(SolutionConfigurationPlatforms) = preSolution
		Debug|Any CPU = Debug|Any CPU
		Release|Any CPU = Release|Any CPU
	EndGlobalSection
	GlobalSection(ProjectConfigurationPlatforms) = postSolution
		{822D5C95-DE7B-4ABE-A4EF-DFD8F7D36659}.Debug|Any CPU.ActiveCfg = Debug|Any CPU
		{822D5C95-DE7B-4ABE-A4EF-DFD8F7D36659}.Debug|Any CPU.Build.0 = Debug|Any CPU
		{822D5C95-DE7B-4ABE-A4EF-DFD8F7D36659}.Release|Any CPU.ActiveCfg = Release|Any CPU
		{822D5C95-DE7B-4ABE-A4EF-DFD8F7D36659}.Release|Any CPU.Build.0 = Release|Any CPU
	EndGlobalSection
	GlobalSection(SolutionProperties) = preSolution
		HideSolutionNode = FALSE
	EndGlobalSection
	GlobalSection(ExtensibilityGlobals) = postSolution
		SolutionGuid = {931EF37B-6DE5-4389-8DCE-820AAA9361E9}
	EndGlobalSection
EndGlobal
